
Microsoft Visual Studio Solution File, Format Version 12.00
# Visual Studio 15
VisualStudioVersion = 15.0.26730.16
MinimumVisualStudioVersion = 10.0.40219.1
Project("{FAE04EC0-301F-11D3-BF4B-00C04F79EFBC}") = "BonfireWebService", "BonfireWebService\BonfireWebService.csproj", "{9B103B3F-0CD8-475C-8A15-2D94A1A5F282}"
EndProject
Global
	GlobalSection(SolutionConfigurationPlatforms) = preSolution
		Debug|Any CPU = Debug|Any CPU
		Release|Any CPU = Release|Any CPU
	EndGlobalSection
	GlobalSection(ProjectConfigurationPlatforms) = postSolution
		{9B103B3F-0CD8-475C-8A15-2D94A1A5F282}.Debug|Any CPU.ActiveCfg = Debug|Any CPU
		{9B103B3F-0CD8-475C-8A15-2D94A1A5F282}.Debug|Any CPU.Build.0 = Debug|Any CPU
		{9B103B3F-0CD8-475C-8A15-2D94A1A5F282}.Release|Any CPU.ActiveCfg = Release|Any CPU
		{9B103B3F-0CD8-475C-8A15-2D94A1A5F282}.Release|Any CPU.Build.0 = Release|Any CPU
	EndGlobalSection
	GlobalSection(SolutionProperties) = preSolution
		HideSolutionNode = FALSE
	EndGlobalSection
	GlobalSection(ExtensibilityGlobals) = postSolution
		SolutionGuid = {FED3EAC8-BE73-4B76-8521-7FC8416A75B2}
	EndGlobalSection
EndGlobal
